// !$*UTF8*$!
{
	archiveVersion = 1;
	classes = {
	};
	objectVersion = 50;
	objects = {

/* Begin PBXBuildFile section */
		DF1BBE3C20B166BB00E36B4C /* AppDelegate.swift in Sources */ = {isa = PBXBuildFile; fileRef = DF1BBE3B20B166BB00E36B4C /* AppDelegate.swift */; };
		DF1BBE3E20B166BB00E36B4C /* ViewController.swift in Sources */ = {isa = PBXBuildFile; fileRef = DF1BBE3D20B166BB00E36B4C /* ViewController.swift */; };
		DF1BBE4120B166BB00E36B4C /* Main.storyboard in Resources */ = {isa = PBXBuildFile; fileRef = DF1BBE3F20B166BB00E36B4C /* Main.storyboard */; };
		DF1BBE4320B166BC00E36B4C /* Assets.xcassets in Resources */ = {isa = PBXBuildFile; fileRef = DF1BBE4220B166BC00E36B4C /* Assets.xcassets */; };
		DF1BBE4620B166BC00E36B4C /* LaunchScreen.storyboard in Resources */ = {isa = PBXBuildFile; fileRef = DF1BBE4420B166BC00E36B4C /* LaunchScreen.storyboard */; };
		DF1BBE4E20B16A3700E36B4C /* tipViewController.swift in Sources */ = {isa = PBXBuildFile; fileRef = DF1BBE4D20B16A3700E36B4C /* tipViewController.swift */; };
/* End PBXBuildFile section */

/* Begin PBXFileReference section */
		DF1BBE3820B166BB00E36B4C /* money.app */ = {isa = PBXFileReference; explicitFileType = wrapper.application; includeInIndex = 0; path = money.app; sourceTree = BUILT_PRODUCTS_DIR; };
		DF1BBE3B20B166BB00E36B4C /* AppDelegate.swift */ = {isa = PBXFileReference; lastKnownFileType = sourcecode.swift; path = AppDelegate.swift; sourceTree = "<group>"; };
		DF1BBE3D20B166BB00E36B4C /* ViewController.swift */ = {isa = PBXFileReference; lastKnownFileType = sourcecode.swift; path = ViewController.swift; sourceTree = "<group>"; };
		DF1BBE4020B166BB00E36B4C /* Base */ = {isa = PBXFileReference; lastKnownFileType = file.storyboard; name = Base; path = Base.lproj/Main.storyboard; sourceTree = "<group>"; };
		DF1BBE4220B166BC00E36B4C /* Assets.xcassets */ = {isa = PBXFileReference; lastKnownFileType = folder.assetcatalog; path = Assets.xcassets; sourceTree = "<group>"; };
		DF1BBE4520B166BC00E36B4C /* Base */ = {isa = PBXFileReference; lastKnownFileType = file.storyboard; name = Base; path = Base.lproj/LaunchScreen.storyboard; sourceTree = "<group>"; };
		DF1BBE4720B166BC00E36B4C /* Info.plist */ = {isa = PBXFileReference; lastKnownFileType = text.plist.xml; path = Info.plist; sourceTree = "<group>"; };
		DF1BBE4D20B16A3700E36B4C /* tipViewController.swift */ = {isa = PBXFileReference; lastKnownFileType = sourcecode.swift; path = tipViewController.swift; sourceTree = "<group>"; };
/* End PBXFileReference section */

/* Begin PBXFrameworksBuildPhase section */
		DF1BBE3520B166BB00E36B4C /* Frameworks */ = {
			isa = PBXFrameworksBuildPhase;
			buildActionMask = 2147483647;
			files = (
			);
			runOnlyForDeploymentPostprocessing = 0;
		};
/* End PBXFrameworksBuildPhase section */

/* Begin PBXGroup section */
		DF1BBE2F20B166BB00E36B4C = {
			isa = PBXGroup;
			children = (
				DF1BBE3A20B166BB00E36B4C /* money */,
				DF1BBE3920B166BB00E36B4C /* Products */,
			);
			sourceTree = "<group>";
		};
		DF1BBE3920B166BB00E36B4C /* Products */ = {
			isa = PBXGroup;
			children = (
				DF1BBE3820B166BB00E36B4C /* money.app */,
			);
			name = Products;
			sourceTree = "<group>";
		};
		DF1BBE3A20B166BB00E36B4C /* money */ = {
			isa = PBXGroup;
			children = (
				DF1BBE3B20B166BB00E36B4C /* AppDelegate.swift */,
				DF1BBE3D20B166BB00E36B4C /* ViewController.swift */,
				DF1BBE3F20B166BB00E36B4C /* Main.storyboard */,
				DF1BBE4D20B16A3700E36B4C /* tipViewController.swift */,
				DF1BBE4220B166BC00E36B4C /* Assets.xcassets */,
				DF1BBE4420B166BC00E36B4C /* LaunchScreen.storyboard */,
				DF1BBE4720B166BC00E36B4C /* Info.plist */,
			);
			path = money;
			sourceTree = "<group>";
		};
/* End PBXGroup section */

/* Begin PBXNativeTarget section */
		DF1BBE3720B166BB00E36B4C /* money */ = {
			isa = PBXNativeTarget;
			buildConfigurationList = DF1BBE4A20B166BC00E36B4C /* Build configuration list for PBXNativeTarget "money" */;
			buildPhases = (
				DF1BBE3420B166BB00E36B4C /* Sources */,
				DF1BBE3520B166BB00E36B4C /* Frameworks */,
				DF1BBE3620B166BB00E36B4C /* Resources */,
			);
			buildRules = (
			);
			dependencies = (
			);
			name = money;
			productName = money;
			productReference = DF1BBE3820B166BB00E36B4C /* money.app */;
			productType = "com.apple.product-type.application";
		};
/* End PBXNativeTarget section */

/* Begin PBXProject section */
		DF1BBE3020B166BB00E36B4C /* Project object */ = {
			isa = PBXProject;
			attributes = {
				LastSwiftUpdateCheck = 0930;
				LastUpgradeCheck = 0930;
				ORGANIZATIONNAME = "Lance Chou";
				TargetAttributes = {
					DF1BBE3720B166BB00E36B4C = {
						CreatedOnToolsVersion = 9.3;
					};
				};
			};
			buildConfigurationList = DF1BBE3320B166BB00E36B4C /* Build configuration list for PBXProject "money" */;
			compatibilityVersion = "Xcode 9.3";
			developmentRegion = en;
			hasScannedForEncodings = 0;
			knownRegions = (
				en,
				Base,
			);
			mainGroup = DF1BBE2F20B166BB00E36B4C;
			productRefGroup = DF1BBE3920B166BB00E36B4C /* Products */;
			projectDirPath = "";
			projectRoot = "";
			targets = (
				DF1BBE3720B166BB00E36B4C /* money */,
			);
		};
/* End PBXProject section */

/* Begin PBXResourcesBuildPhase section */
		DF1BBE3620B166BB00E36B4C /* Resources */ = {
			isa = PBXResourcesBuildPhase;
			buildActionMask = 2147483647;
			files = (
				DF1BBE4620B166BC00E36B4C /* LaunchScreen.storyboard in Resources */,
				DF1BBE4320B166BC00E36B4C /* Assets.xcassets in Resources */,
				DF1BBE4120B166BB00E36B4C /* Main.storyboard in Resources */,
			);
			runOnlyForDeploymentPostprocessing = 0;
		};
/* End PBXResourcesBuildPhase section */

/* Begin PBXSourcesBuildPhase section */
		DF1BBE3420B166BB00E36B4C /* Sources */ = {
			isa = PBXSourcesBuildPhase;
			buildActionMask = 2147483647;
			files = (
				DF1BBE3E20B166BB00E36B4C /* ViewController.swift in Sources */,
				DF1BBE3C20B166BB00E36B4C /* AppDelegate.swift in Sources */,
				DF1BBE4E20B16A3700E36B4C /* tipViewController.swift in Sources */,
			);
			runOnlyForDeploymentPostprocessing = 0;
		};
/* End PBXSourcesBuildPhase section */

/* Begin PBXVariantGroup section */
		DF1BBE3F20B166BB00E36B4C /* Main.storyboard */ = {
			isa = PBXVariantGroup;
			children = (
				DF1BBE4020B166BB00E36B4C /* Base */,
			);
			name = Main.storyboard;
			sourceTree = "<group>";
		};
		DF1BBE4420B166BC00E36B4C /* LaunchScreen.storyboard */ = {
			isa = PBXVariantGroup;
			children = (
				DF1BBE4520B166BC00E36B4C /* Base */,
			);
			name = LaunchScreen.storyboard;
			sourceTree = "<group>";
		};
/* End PBXVariantGroup section */

/* Begin XCBuildConfiguration section */
		DF1BBE4820B166BC00E36B4C /* Debug */ = {
			isa = XCBuildConfiguration;
			buildSettings = {
				ALWAYS_SEARCH_USER_PATHS = NO;
				CLANG_ANALYZER_NONNULL = YES;
				CLANG_ANALYZER_NUMBER_OBJECT_CONVERSION = YES_AGGRESSIVE;
				CLANG_CXX_LANGUAGE_STANDARD = "gnu++14";
				CLANG_CXX_LIBRARY = "libc++";
				CLANG_ENABLE_MODULES = YES;
				CLANG_ENABLE_OBJC_ARC = YES;
				CLANG_ENABLE_OBJC_WEAK = YES;
				CLANG_WARN_BLOCK_CAPTURE_AUTORELEASING = YES;
				CLANG_WARN_BOOL_CONVERSION = YES;
				CLANG_WARN_COMMA = YES;
				CLANG_WARN_CONSTANT_CONVERSION = YES;
				CLANG_WARN_DEPRECATED_OBJC_IMPLEMENTATIONS = YES;
				CLANG_WARN_DIRECT_OBJC_ISA_USAGE = YES_ERROR;
				CLANG_WARN_DOCUMENTATION_COMMENTS = YES;
				CLANG_WARN_EMPTY_BODY = YES;
				CLANG_WARN_ENUM_CONVERSION = YES;
				CLANG_WARN_INFINITE_RECURSION = YES;
				CLANG_WARN_INT_CONVERSION = YES;
				CLANG_WARN_NON_LITERAL_NULL_CONVERSION = YES;
				CLANG_WARN_OBJC_IMPLICIT_RETAIN_SELF = YES;
				CLANG_WARN_OBJC_LITERAL_CONVERSION = YES;
				CLANG_WARN_OBJC_ROOT_CLASS = YES_ERROR;
				CLANG_WARN_RANGE_LOOP_ANALYSIS = YES;
				CLANG_WARN_STRICT_PROTOTYPES = YES;
				CLANG_WARN_SUSPICIOUS_MOVE = YES;
				CLANG_WARN_UNGUARDED_AVAILABILITY = YES_AGGRESSIVE;
				CLANG_WARN_UNREACHABLE_CODE = YES;
				CLANG_WARN__DUPLICATE_METHOD_MATCH = YES;
				CODE_SIGN_IDENTITY = "iPhone Developer";
				COPY_PHASE_STRIP = NO;
				DEBUG_INFORMATION_FORMAT = dwarf;
				ENABLE_STRICT_OBJC_MSGSEND = YES;
				ENABLE_TESTABILITY = YES;
				GCC_C_LANGUAGE_STANDARD = gnu11;
				GCC_DYNAMIC_NO_PIC = NO;
				GCC_NO_COMMON_BLOCKS = YES;
				GCC_OPTIMIZATION_LEVEL = 0;
				GCC_PREPROCESSOR_DEFINITIONS = (
					"DEBUG=1",
					"$(inherited)",
				);
				GCC_WARN_64_TO_32_BIT_CONVERSION = YES;
				GCC_WARN_ABOUT_RETURN_TYPE = YES_ERROR;
				GCC_WARN_UNDECLARED_SELECTOR = YES;
				GCC_WARN_UNINITIALIZED_AUTOS = YES_AGGRESSIVE;
				GCC_WARN_UNUSED_FUNCTION = YES;
				GCC_WARN_UNUSED_VARIABLE = YES;
				IPHONEOS_DEPLOYMENT_TARGET = 11.3;
				MTL_ENABLE_DEBUG_INFO = YES;
				ONLY_ACTIVE_ARCH = YES;
				SDKROOT = iphoneos;
				SWIFT_ACTIVE_COMPILATION_CONDITIONS = DEBUG;
				SWIFT_OPTIMIZATION_LEVEL = "-Onone";
			};
			name = Debug;
		};
		DF1BBE4920B166BC00E36B4C /* Release */ = {
			isa = XCBuildConfiguration;
			buildSettings = {
				ALWAYS_SEARCH_USER_PATHS = NO;
				CLANG_ANALYZER_NONNULL = YES;
				CLANG_ANALYZER_NUMBER_OBJECT_CONVERSION = YES_AGGRESSIVE;
				CLANG_CXX_LANGUAGE_STANDARD = "gnu++14";
				CLANG_CXX_LIBRARY = "libc++";
				CLANG_ENABLE_MODULES = YES;
				CLANG_ENABLE_OBJC_ARC = YES;
				CLANG_ENABLE_OBJC_WEAK = YES;
				CLANG_WARN_BLOCK_CAPTURE_AUTORELEASING = YES;
				CLANG_WARN_BOOL_CONVERSION = YES;
				CLANG_WARN_COMMA = YES;
				CLANG_WARN_CONSTANT_CONVERSION = YES;
				CLANG_WARN_DEPRECATED_OBJC_IMPLEMENTATIONS = YES;
				CLANG_WARN_DIRECT_OBJC_ISA_USAGE = YES_ERROR;
				CLANG_WARN_DOCUMENTATION_COMMENTS = YES;
				CLANG_WARN_EMPTY_BODY = YES;
				CLANG_WARN_ENUM_CONVERSION = YES;
				CLANG_WARN_INFINITE_RECURSION = YES;
				CLANG_WARN_INT_CONVERSION = YES;
				CLANG_WARN_NON_LITERAL_NULL_CONVERSION = YES;
				CLANG_WARN_OBJC_IMPLICIT_RETAIN_SELF = YES;
				CLANG_WARN_OBJC_LITERAL_CONVERSION = YES;
				CLANG_WARN_OBJC_ROOT_CLASS = YES_ERROR;
				CLANG_WARN_RANGE_LOOP_ANALYSIS = YES;
				CLANG_WARN_STRICT_PROTOTYPES = YES;
				CLANG_WARN_SUSPICIOUS_MOVE = YES;
				CLANG_WARN_UNGUARDED_AVAILABILITY = YES_AGGRESSIVE;
				CLANG_WARN_UNREACHABLE_CODE = YES;
				CLANG_WARN__DUPLICATE_METHOD_MATCH = YES;
				CODE_SIGN_IDENTITY = "iPhone Developer";
				COPY_PHASE_STRIP = NO;
				DEBUG_INFORMATION_FORMAT = "dwarf-with-dsym";
				ENABLE_NS_ASSERTIONS = NO;
				ENABLE_STRICT_OBJC_MSGSEND = YES;
				GCC_C_LANGUAGE_STANDARD = gnu11;
				GCC_NO_COMMON_BLOCKS = YES;
				GCC_WARN_64_TO_32_BIT_CONVERSION = YES;
				GCC_WARN_ABOUT_RETURN_TYPE = YES_ERROR;
				GCC_WARN_UNDECLARED_SELECTOR = YES;
				GCC_WARN_UNINITIALIZED_AUTOS = YES_AGGRESSIVE;
				GCC_WARN_UNUSED_FUNCTION = YES;
				GCC_WARN_UNUSED_VARIABLE = YES;
				IPHONEOS_DEPLOYMENT_TARGET = 11.3;
				MTL_ENABLE_DEBUG_INFO = NO;
				SDKROOT = iphoneos;
				SWIFT_COMPILATION_MODE = wholemodule;
				SWIFT_OPTIMIZATION_LEVEL = "-O";
				VALIDATE_PRODUCT = YES;
			};
			name = Release;
		};
		DF1BBE4B20B166BC00E36B4C /* Debug */ = {
			isa = XCBuildConfiguration;
			buildSettings = {
				ASSETCATALOG_COMPILER_APPICON_NAME = AppIcon;
				CODE_SIGN_STYLE = Automatic;
				INFOPLIST_FILE = money/Info.plist;
				LD_RUNPATH_SEARCH_PATHS = (
					"$(inherited)",
					"@executable_path/Frameworks",
				);
				PRODUCT_BUNDLE_IDENTIFIER = com.jolin.money;
				PRODUCT_NAME = "$(TARGET_NAME)";
				SWIFT_VERSION = 4.0;
				TARGETED_DEVICE_FAMILY = "1,2";
			};
			name = Debug;
		};
		DF1BBE4C20B166BC00E36B4C /* Release */ = {
			isa = XCBuildConfiguration;
			buildSettings = {
				ASSETCATALOG_COMPILER_APPICON_NAME = AppIcon;
				CODE_SIGN_STYLE = Automatic;
				INFOPLIST_FILE = money/Info.plist;
				LD_RUNPATH_SEARCH_PATHS = (
					"$(inherited)",
					"@executable_path/Frameworks",
				);
				PRODUCT_BUNDLE_IDENTIFIER = com.jolin.money;
				PRODUCT_NAME = "$(TARGET_NAME)";
				SWIFT_VERSION = 4.0;
				TARGETED_DEVICE_FAMILY = "1,2";
			};
			name = Release;
		};
/* End XCBuildConfiguration section */

/* Begin XCConfigurationList section */
		DF1BBE3320B166BB00E36B4C /* Build configuration list for PBXProject "money" */ = {
			isa = XCConfigurationList;
			buildConfigurations = (
				DF1BBE4820B166BC00E36B4C /* Debug */,
				DF1BBE4920B166BC00E36B4C /* Release */,
			);
			defaultConfigurationIsVisible = 0;
			defaultConfigurationName = Release;
		};
		DF1BBE4A20B166BC00E36B4C /* Build configuration list for PBXNativeTarget "money" */ = {
			isa = XCConfigurationList;
			buildConfigurations = (
				DF1BBE4B20B166BC00E36B4C /* Debug */,
				DF1BBE4C20B166BC00E36B4C /* Release */,
			);
			defaultConfigurationIsVisible = 0;
			defaultConfigurationName = Release;
		};
/* End XCConfigurationList section */
	};
	rootObject = DF1BBE3020B166BB00E36B4C /* Project object */;
}
